version: 6
environments:
  default:
    channels:
    - url: https://conda.anaconda.org/conda-forge/
    indexes:
    - https://pypi.org/simple
    packages:
      linux-64:
      - conda: https://conda.anaconda.org/conda-forge/linux-64/_libgcc_mutex-0.1-conda_forge.tar.bz2
      - conda: https://conda.anaconda.org/conda-forge/linux-64/_openmp_mutex-4.5-2_gnu.tar.bz2
      - conda: https://conda.anaconda.org/conda-forge/linux-64/bzip2-1.0.8-hda65f42_8.conda
      - conda: https://conda.anaconda.org/conda-forge/noarch/ca-certificates-2025.8.3-hbd8a1cb_0.conda
      - conda: https://conda.anaconda.org/conda-forge/noarch/colorama-0.4.6-pyhd8ed1ab_1.conda
      - conda: https://conda.anaconda.org/conda-forge/noarch/exceptiongroup-1.3.0-pyhd8ed1ab_0.conda
      - conda: https://conda.anaconda.org/conda-forge/noarch/iniconfig-2.0.0-pyhd8ed1ab_1.conda
      - conda: https://conda.anaconda.org/conda-forge/linux-64/ld_impl_linux-64-2.44-ha97dd6f_2.conda
      - conda: https://conda.anaconda.org/conda-forge/linux-64/libexpat-2.7.1-hecca717_0.conda
      - conda: https://conda.anaconda.org/conda-forge/linux-64/libffi-3.4.6-h2dba641_1.conda
      - conda: https://conda.anaconda.org/conda-forge/linux-64/libgcc-15.1.0-h767d61c_5.conda
      - conda: https://conda.anaconda.org/conda-forge/linux-64/libgomp-15.1.0-h767d61c_5.conda
      - conda: https://conda.anaconda.org/conda-forge/linux-64/liblzma-5.8.1-hb9d3cd8_2.conda
      - conda: https://conda.anaconda.org/conda-forge/linux-64/libmpdec-4.0.0-hb9d3cd8_0.conda
      - conda: https://conda.anaconda.org/conda-forge/linux-64/libsqlite-3.50.4-h0c1763c_0.conda
      - conda: https://conda.anaconda.org/conda-forge/linux-64/libuuid-2.41.2-he9a06e4_0.conda
      - conda: https://conda.anaconda.org/conda-forge/linux-64/libzlib-1.3.1-hb9d3cd8_2.conda
      - conda: https://conda.anaconda.org/conda-forge/linux-64/ncurses-6.5-h2d0b736_3.conda
      - conda: https://conda.anaconda.org/conda-forge/linux-64/openssl-3.5.4-h26f9b46_0.conda
      - conda: https://conda.anaconda.org/conda-forge/noarch/packaging-25.0-pyh29332c3_1.conda
      - conda: https://conda.anaconda.org/conda-forge/noarch/pluggy-1.6.0-pyhd8ed1ab_0.conda
      - conda: https://conda.anaconda.org/conda-forge/noarch/pygments-2.19.2-pyhd8ed1ab_0.conda
      - conda: https://conda.anaconda.org/conda-forge/noarch/pytest-8.4.2-pyhd8ed1ab_0.conda
      - conda: https://conda.anaconda.org/conda-forge/linux-64/python-3.13.7-h2b335a9_100_cp313.conda
      - conda: https://conda.anaconda.org/conda-forge/noarch/python_abi-3.13-8_cp313.conda
      - conda: https://conda.anaconda.org/conda-forge/linux-64/readline-8.2-h8c095d6_2.conda
      - conda: https://conda.anaconda.org/conda-forge/linux-64/tk-8.6.13-noxft_hd72426e_102.conda
      - conda: https://conda.anaconda.org/conda-forge/noarch/tomli-2.2.1-pyhe01879c_2.conda
      - conda: https://conda.anaconda.org/conda-forge/noarch/typing_extensions-4.15.0-pyhcf101f3_0.conda
      - conda: https://conda.anaconda.org/conda-forge/noarch/tzdata-2025b-h78e105d_0.conda
      - pypi: https://files.pythonhosted.org/packages/15/b3/9b1a8074496371342ec1e796a96f99c82c945a339cd81a8e73de28b4cf9e/anyio-4.11.0-py3-none-any.whl
      - pypi: https://files.pythonhosted.org/packages/e5/48/1549795ba7742c948d2ad169c1c8cdbae65bc450d6cd753d124b17c8cd32/certifi-2025.8.3-py3-none-any.whl
      - pypi: https://files.pythonhosted.org/packages/98/df/0a1755e750013a2081e863e7cd37e0cdd02664372c754e5560099eb7aa44/cffi-2.0.0-cp313-cp313-manylinux2014_x86_64.manylinux_2_17_x86_64.whl
      - pypi: https://files.pythonhosted.org/packages/db/d3/9dcc0f5797f070ec8edf30fbadfb200e71d9db6b84d211e3b2085a7589a0/click-8.3.0-py3-none-any.whl
      - pypi: https://files.pythonhosted.org/packages/c1/53/0f51e926799025e31746d454ab2e36f8c3f0d41592bc65cb9840368d3275/cryptography-46.0.2-cp311-abi3-manylinux_2_28_x86_64.whl
      - pypi: https://files.pythonhosted.org/packages/33/6b/e0547afaf41bf2c42e52430072fa5658766e3d65bd4b03a563d1b6336f57/distlib-0.4.0-py2.py3-none-any.whl
      - pypi: https://files.pythonhosted.org/packages/c1/8b/5fe2cc11fee489817272089c4203e679c63b570a5aaeb18d852ae3cbba6a/et_xmlfile-2.0.0-py3-none-any.whl
      - pypi: https://files.pythonhosted.org/packages/42/14/42b2651a2f46b022ccd948bca9f2d5af0fd8929c4eec235b8d6d844fbe67/filelock-3.19.1-py3-none-any.whl
      - pypi: https://files.pythonhosted.org/packages/04/4b/29cac41a4d98d144bf5f6d33995617b185d14b22401f75ca86f384e87ff1/h11-0.16.0-py3-none-any.whl
      - pypi: https://files.pythonhosted.org/packages/75/7e/7b04e626210ff7d3f2c5b5a2e0972e13028d15692f3b880f2930022f51c8/hatch-1.14.2-py3-none-any.whl
      - pypi: https://files.pythonhosted.org/packages/08/e7/ae38d7a6dfba0533684e0b2136817d667588ae3ec984c1a4e5df5eb88482/hatchling-1.27.0-py3-none-any.whl
      - pypi: https://files.pythonhosted.org/packages/7e/f5/f66802a942d491edb555dd61e3a9961140fd64c90bce1eafd741609d334d/httpcore-1.0.9-py3-none-any.whl
      - pypi: https://files.pythonhosted.org/packages/2a/39/e50c7c3a983047577ee07d2a9e53faf5a69493943ec3f6a384bdc792deb2/httpx-0.28.1-py3-none-any.whl
      - pypi: https://files.pythonhosted.org/packages/6e/aa/8caf6a0a3e62863cbb9dab27135660acba46903b703e224f14f447e57934/hyperlink-21.0.0-py2.py3-none-any.whl
      - pypi: https://files.pythonhosted.org/packages/76/c6/c88e154df9c4e1a2a66ccf0005a88dfb2650c1dffb6f5ce603dfbd452ce3/idna-3.10-py3-none-any.whl
      - pypi: https://files.pythonhosted.org/packages/7f/66/b15ce62552d84bbfcec9a4873ab79d993a1dd4edb922cbfccae192bd5b5f/jaraco.classes-3.4.0-py3-none-any.whl
      - pypi: https://files.pythonhosted.org/packages/ff/db/0c52c4cf5e4bd9f5d7135ec7669a3a767af21b3a308e1ed3674881e52b62/jaraco.context-6.0.1-py3-none-any.whl
      - pypi: https://files.pythonhosted.org/packages/b4/09/726f168acad366b11e420df31bf1c702a54d373a83f968d94141a8c3fde0/jaraco_functools-4.3.0-py3-none-any.whl
      - pypi: https://files.pythonhosted.org/packages/b2/a3/e137168c9c44d18eff0376253da9f1e9234d0239e0ee230d2fee6cea8e55/jeepney-0.9.0-py3-none-any.whl
      - pypi: https://files.pythonhosted.org/packages/d3/32/da7f44bcb1105d3e88a0b74ebdca50c59121d2ddf71c9e34ba47df7f3a56/keyring-25.6.0-py3-none-any.whl
      - pypi: https://files.pythonhosted.org/packages/94/54/e7d793b573f298e1c9013b8c4dade17d481164aa517d1d7148619c2cedbf/markdown_it_py-4.0.0-py3-none-any.whl
      - pypi: https://files.pythonhosted.org/packages/b3/38/89ba8ad64ae25be8de66a6d463314cf1eb366222074cfda9ee839c56a4b4/mdurl-0.1.2-py3-none-any.whl
      - pypi: https://files.pythonhosted.org/packages/a4/8e/469e5a4a2f5855992e425f3cb33804cc07bf18d48f2db061aec61ce50270/more_itertools-10.8.0-py3-none-any.whl
      - pypi: https://files.pythonhosted.org/packages/9a/a5/bf3db6e66c4b160d6ea10b534c381a1955dfab34cb1017ea93aa33c70ed3/numpy-2.3.3-cp313-cp313-manylinux_2_27_x86_64.manylinux_2_28_x86_64.whl
      - pypi: https://files.pythonhosted.org/packages/c0/da/977ded879c29cbd04de313843e76868e6e13408a94ed6b987245dc7c8506/openpyxl-3.1.5-py2.py3-none-any.whl
      - pypi: https://files.pythonhosted.org/packages/15/07/284f757f63f8a8d69ed4472bfd85122bd086e637bf4ed09de572d575a693/pandas-2.3.3-cp313-cp313-manylinux_2_24_x86_64.manylinux_2_28_x86_64.whl
      - pypi: https://files.pythonhosted.org/packages/cc/20/ff623b09d963f88bfde16306a54e12ee5ea43e9b597108672ff3a408aad6/pathspec-0.12.1-py3-none-any.whl
      - pypi: https://files.pythonhosted.org/packages/9e/c3/059298687310d527a58bb01f3b1965787ee3b40dce76752eda8b44e9a2c5/pexpect-4.9.0-py2.py3-none-any.whl
      - pypi: https://files.pythonhosted.org/packages/40/4b/2028861e724d3bd36227adfa20d3fd24c3fc6d52032f4a93c133be5d17ce/platformdirs-4.4.0-py3-none-any.whl
      - pypi: https://files.pythonhosted.org/packages/22/a6/858897256d0deac81a172289110f31629fc4cee19b6f01283303e18c8db3/ptyprocess-0.7.0-py2.py3-none-any.whl
      - pypi: https://files.pythonhosted.org/packages/a0/e3/59cd50310fc9b59512193629e1984c1f95e5c8ae6e5d8c69532ccc65a7fe/pycparser-2.23-py3-none-any.whl
      - pypi: https://files.pythonhosted.org/packages/ec/57/56b9bcc3c9c6a792fcbaf139543cee77261f3651ca9da0c93f5c1221264b/python_dateutil-2.9.0.post0-py2.py3-none-any.whl
      - pypi: https://files.pythonhosted.org/packages/81/c4/34e93fe5f5429d7570ec1fa436f1986fb1f00c3e0f43a589fe2bbcd22c3f/pytz-2025.2-py2.py3-none-any.whl
      - pypi: https://files.pythonhosted.org/packages/e3/30/3c4d035596d3cf444529e0b2953ad0466f6049528a879d27534700580395/rich-14.1.0-py3-none-any.whl
      - pypi: https://files.pythonhosted.org/packages/91/ff/2e2eed29e02c14a5cb6c57f09b2d5b40e65d6cc71f45b52e0be295ccbc2f/secretstorage-3.4.0-py3-none-any.whl
      - pypi: https://files.pythonhosted.org/packages/e0/f9/0595336914c5619e5f28a1fb793285925a8cd4b432c9da0a987836c7f822/shellingham-1.5.4-py2.py3-none-any.whl
      - pypi: https://files.pythonhosted.org/packages/b7/ce/149a00dd41f10bc29e5921b496af8b574d8413afcd5e30dfa0ed46c2cc5e/six-1.17.0-py2.py3-none-any.whl
      - pypi: https://files.pythonhosted.org/packages/e9/44/75a9c9421471a6c4805dbf2356f7c181a29c1879239abab1ea2cc8f38b40/sniffio-1.3.1-py3-none-any.whl
      - pypi: https://files.pythonhosted.org/packages/c7/18/c86eb8e0202e32dd3df50d43d7ff9854f8e0603945ff398974c1d91ac1ef/tomli_w-1.2.0-py3-none-any.whl
      - pypi: https://files.pythonhosted.org/packages/bd/75/8539d011f6be8e29f339c42e633aae3cb73bffa95dd0f9adec09b9c58e85/tomlkit-0.13.3-py3-none-any.whl
      - pypi: https://files.pythonhosted.org/packages/e1/85/a4ff8758c66f1fc32aa5e9a145908394bf9cf1c79ffd1113cfdeb77e74e4/trove_classifiers-2025.9.11.17-py3-none-any.whl
      - pypi: https://files.pythonhosted.org/packages/5c/23/c7abc0ca0a1526a0774eca151daeb8de62ec457e77262b66b359c3c7679e/tzdata-2025.2-py2.py3-none-any.whl
      - pypi: https://files.pythonhosted.org/packages/43/99/3ec6335ded5b88c2f7ed25c56ffd952546f7ed007ffb1e1539dc3b57015a/userpath-1.9.2-py3-none-any.whl
      - pypi: https://files.pythonhosted.org/packages/3a/a9/a83cee9b8cf63e57ce64ba27c77777cc66410e144fd178368f55af1fa18d/uv-0.8.22-py3-none-manylinux_2_17_x86_64.manylinux2014_x86_64.whl
      - pypi: https://files.pythonhosted.org/packages/76/06/04c8e804f813cf972e3262f3f8584c232de64f0cde9f703b46cf53a45090/virtualenv-20.34.0-py3-none-any.whl
      - pypi: https://files.pythonhosted.org/packages/63/4b/e3678b4e776db00f9f7b2fe58e547e8928ef32727d7a1ff01dea010f3f13/zstandard-0.25.0-cp313-cp313-manylinux2014_x86_64.manylinux_2_17_x86_64.whl
      - pypi: ./
packages:
- conda: https://conda.anaconda.org/conda-forge/linux-64/_libgcc_mutex-0.1-conda_forge.tar.bz2
  sha256: fe51de6107f9edc7aa4f786a70f4a883943bc9d39b3bb7307c04c41410990726
  md5: d7c89558ba9fa0495403155b64376d81
  license: None
  purls: []
  size: 2562
  timestamp: 1578324546067
- conda: https://conda.anaconda.org/conda-forge/linux-64/_openmp_mutex-4.5-2_gnu.tar.bz2
  build_number: 16
  sha256: fbe2c5e56a653bebb982eda4876a9178aedfc2b545f25d0ce9c4c0b508253d22
  md5: 73aaf86a425cc6e73fcf236a5a46396d
  depends:
  - _libgcc_mutex 0.1 conda_forge
  - libgomp >=7.5.0
  constrains:
  - openmp_impl 9999
  license: BSD-3-Clause
  license_family: BSD
  purls: []
  size: 23621
  timestamp: 1650670423406
- pypi: https://files.pythonhosted.org/packages/15/b3/9b1a8074496371342ec1e796a96f99c82c945a339cd81a8e73de28b4cf9e/anyio-4.11.0-py3-none-any.whl
  name: anyio
  version: 4.11.0
  sha256: 0287e96f4d26d4149305414d4e3bc32f0dcd0862365a4bddea19d7a1ec38c4fc
  requires_dist:
  - exceptiongroup>=1.0.2 ; python_full_version < '3.11'
  - idna>=2.8
  - sniffio>=1.1
  - typing-extensions>=4.5 ; python_full_version < '3.13'
  - trio>=0.31.0 ; extra == 'trio'
  requires_python: '>=3.9'
- conda: https://conda.anaconda.org/conda-forge/linux-64/bzip2-1.0.8-hda65f42_8.conda
  sha256: c30daba32ddebbb7ded490f0e371eae90f51e72db620554089103b4a6934b0d5
  md5: 51a19bba1b8ebfb60df25cde030b7ebc
  depends:
  - __glibc >=2.17,<3.0.a0
  - libgcc >=14
  license: bzip2-1.0.6
  license_family: BSD
  purls: []
  size: 260341
  timestamp: 1757437258798
- conda: https://conda.anaconda.org/conda-forge/noarch/ca-certificates-2025.8.3-hbd8a1cb_0.conda
  sha256: 837b795a2bb39b75694ba910c13c15fa4998d4bb2a622c214a6a5174b2ae53d1
  md5: 74784ee3d225fc3dca89edb635b4e5cc
  depends:
  - __unix
  license: ISC
  purls: []
  size: 154402
  timestamp: 1754210968730
- pypi: https://files.pythonhosted.org/packages/e5/48/1549795ba7742c948d2ad169c1c8cdbae65bc450d6cd753d124b17c8cd32/certifi-2025.8.3-py3-none-any.whl
  name: certifi
  version: 2025.8.3
  sha256: f6c12493cfb1b06ba2ff328595af9350c65d6644968e5d3a2ffd78699af217a5
  requires_python: '>=3.7'
- pypi: https://files.pythonhosted.org/packages/98/df/0a1755e750013a2081e863e7cd37e0cdd02664372c754e5560099eb7aa44/cffi-2.0.0-cp313-cp313-manylinux2014_x86_64.manylinux_2_17_x86_64.whl
  name: cffi
  version: 2.0.0
  sha256: c8d3b5532fc71b7a77c09192b4a5a200ea992702734a2e9279a37f2478236f26
  requires_dist:
  - pycparser ; implementation_name != 'PyPy'
  requires_python: '>=3.9'
- pypi: https://files.pythonhosted.org/packages/db/d3/9dcc0f5797f070ec8edf30fbadfb200e71d9db6b84d211e3b2085a7589a0/click-8.3.0-py3-none-any.whl
  name: click
  version: 8.3.0
  sha256: 9b9f285302c6e3064f4330c05f05b81945b2a39544279343e6e7c5f27a9baddc
  requires_dist:
  - colorama ; sys_platform == 'win32'
  requires_python: '>=3.10'
- conda: https://conda.anaconda.org/conda-forge/noarch/colorama-0.4.6-pyhd8ed1ab_1.conda
  sha256: ab29d57dc70786c1269633ba3dff20288b81664d3ff8d21af995742e2bb03287
  md5: 962b9857ee8e7018c22f2776ffa0b2d7
  depends:
  - python >=3.9
  license: BSD-3-Clause
  license_family: BSD
  purls:
  - pkg:pypi/colorama?source=hash-mapping
  size: 27011
  timestamp: 1733218222191
- pypi: https://files.pythonhosted.org/packages/c1/53/0f51e926799025e31746d454ab2e36f8c3f0d41592bc65cb9840368d3275/cryptography-46.0.2-cp311-abi3-manylinux_2_28_x86_64.whl
  name: cryptography
  version: 46.0.2
  sha256: fab8f805e9675e61ed8538f192aad70500fa6afb33a8803932999b1049363a08
  requires_dist:
  - cffi>=1.14 ; python_full_version == '3.8.*' and platform_python_implementation != 'PyPy'
  - cffi>=2.0.0 ; python_full_version >= '3.9' and platform_python_implementation != 'PyPy'
  - typing-extensions>=4.13.2 ; python_full_version < '3.11'
  - bcrypt>=3.1.5 ; extra == 'ssh'
  - nox[uv]>=2024.4.15 ; extra == 'nox'
  - cryptography-vectors==46.0.2 ; extra == 'test'
  - pytest>=7.4.0 ; extra == 'test'
  - pytest-benchmark>=4.0 ; extra == 'test'
  - pytest-cov>=2.10.1 ; extra == 'test'
  - pytest-xdist>=3.5.0 ; extra == 'test'
  - pretend>=0.7 ; extra == 'test'
  - certifi>=2024 ; extra == 'test'
  - pytest-randomly ; extra == 'test-randomorder'
  - sphinx>=5.3.0 ; extra == 'docs'
  - sphinx-rtd-theme>=3.0.0 ; extra == 'docs'
  - sphinx-inline-tabs ; extra == 'docs'
  - pyenchant>=3 ; extra == 'docstest'
  - readme-renderer>=30.0 ; extra == 'docstest'
  - sphinxcontrib-spelling>=7.3.1 ; extra == 'docstest'
  - build>=1.0.0 ; extra == 'sdist'
  - ruff>=0.11.11 ; extra == 'pep8test'
  - mypy>=1.14 ; extra == 'pep8test'
  - check-sdist ; extra == 'pep8test'
  - click>=8.0.1 ; extra == 'pep8test'
  requires_python: '>=3.8,!=3.9.0,!=3.9.1'
- pypi: https://files.pythonhosted.org/packages/33/6b/e0547afaf41bf2c42e52430072fa5658766e3d65bd4b03a563d1b6336f57/distlib-0.4.0-py2.py3-none-any.whl
  name: distlib
  version: 0.4.0
  sha256: 9659f7d87e46584a30b5780e43ac7a2143098441670ff0a49d5f9034c54a6c16
- pypi: https://files.pythonhosted.org/packages/c1/8b/5fe2cc11fee489817272089c4203e679c63b570a5aaeb18d852ae3cbba6a/et_xmlfile-2.0.0-py3-none-any.whl
  name: et-xmlfile
  version: 2.0.0
  sha256: 7a91720bc756843502c3b7504c77b8fe44217c85c537d85037f0f536151b2caa
  requires_python: '>=3.8'
- conda: https://conda.anaconda.org/conda-forge/noarch/exceptiongroup-1.3.0-pyhd8ed1ab_0.conda
  sha256: ce61f4f99401a4bd455b89909153b40b9c823276aefcbb06f2044618696009ca
  md5: 72e42d28960d875c7654614f8b50939a
  depends:
  - python >=3.9
  - typing_extensions >=4.6.0
  license: MIT and PSF-2.0
  purls:
  - pkg:pypi/exceptiongroup?source=hash-mapping
  size: 21284
  timestamp: 1746947398083
- pypi: https://files.pythonhosted.org/packages/42/14/42b2651a2f46b022ccd948bca9f2d5af0fd8929c4eec235b8d6d844fbe67/filelock-3.19.1-py3-none-any.whl
  name: filelock
  version: 3.19.1
  sha256: d38e30481def20772f5baf097c122c3babc4fcdb7e14e57049eb9d88c6dc017d
  requires_python: '>=3.9'
- pypi: https://files.pythonhosted.org/packages/04/4b/29cac41a4d98d144bf5f6d33995617b185d14b22401f75ca86f384e87ff1/h11-0.16.0-py3-none-any.whl
  name: h11
  version: 0.16.0
  sha256: 63cf8bbe7522de3bf65932fda1d9c2772064ffb3dae62d55932da54b31cb6c86
  requires_python: '>=3.8'
- pypi: https://files.pythonhosted.org/packages/75/7e/7b04e626210ff7d3f2c5b5a2e0972e13028d15692f3b880f2930022f51c8/hatch-1.14.2-py3-none-any.whl
  name: hatch
  version: 1.14.2
  sha256: d2d3c9cfcd60838db3202a2aaa6e48e8119885ffe6590f165a8511f3843c5af3
  requires_dist:
  - click>=8.0.6
  - hatchling>=1.26.3
  - httpx>=0.22.0
  - hyperlink>=21.0.0
  - keyring>=23.5.0
  - packaging>=23.2
  - pexpect~=4.8
  - platformdirs>=2.5.0
  - rich>=11.2.0
  - shellingham>=1.4.0
  - tomli-w>=1.0
  - tomlkit>=0.11.1
  - userpath~=1.7
  - uv>=0.5.23
  - virtualenv>=20.26.6
  - zstandard<1
  requires_python: '>=3.8'
- pypi: https://files.pythonhosted.org/packages/08/e7/ae38d7a6dfba0533684e0b2136817d667588ae3ec984c1a4e5df5eb88482/hatchling-1.27.0-py3-none-any.whl
  name: hatchling
  version: 1.27.0
  sha256: d3a2f3567c4f926ea39849cdf924c7e99e6686c9c8e288ae1037c8fa2a5d937b
  requires_dist:
  - packaging>=24.2
  - pathspec>=0.10.1
  - pluggy>=1.0.0
  - tomli>=1.2.2 ; python_full_version < '3.11'
  - trove-classifiers
  requires_python: '>=3.8'
- pypi: https://files.pythonhosted.org/packages/7e/f5/f66802a942d491edb555dd61e3a9961140fd64c90bce1eafd741609d334d/httpcore-1.0.9-py3-none-any.whl
  name: httpcore
  version: 1.0.9
  sha256: 2d400746a40668fc9dec9810239072b40b4484b640a8c38fd654a024c7a1bf55
  requires_dist:
  - certifi
  - h11>=0.16
  - anyio>=4.0,<5.0 ; extra == 'asyncio'
  - h2>=3,<5 ; extra == 'http2'
  - socksio==1.* ; extra == 'socks'
  - trio>=0.22.0,<1.0 ; extra == 'trio'
  requires_python: '>=3.8'
- pypi: https://files.pythonhosted.org/packages/2a/39/e50c7c3a983047577ee07d2a9e53faf5a69493943ec3f6a384bdc792deb2/httpx-0.28.1-py3-none-any.whl
  name: httpx
  version: 0.28.1
  sha256: d909fcccc110f8c7faf814ca82a9a4d816bc5a6dbfea25d6591d6985b8ba59ad
  requires_dist:
  - anyio
  - certifi
  - httpcore==1.*
  - idna
  - brotli ; platform_python_implementation == 'CPython' and extra == 'brotli'
  - brotlicffi ; platform_python_implementation != 'CPython' and extra == 'brotli'
  - click==8.* ; extra == 'cli'
  - pygments==2.* ; extra == 'cli'
  - rich>=10,<14 ; extra == 'cli'
  - h2>=3,<5 ; extra == 'http2'
  - socksio==1.* ; extra == 'socks'
  - zstandard>=0.18.0 ; extra == 'zstd'
  requires_python: '>=3.8'
- pypi: https://files.pythonhosted.org/packages/6e/aa/8caf6a0a3e62863cbb9dab27135660acba46903b703e224f14f447e57934/hyperlink-21.0.0-py2.py3-none-any.whl
  name: hyperlink
  version: 21.0.0
  sha256: e6b14c37ecb73e89c77d78cdb4c2cc8f3fb59a885c5b3f819ff4ed80f25af1b4
  requires_dist:
  - idna>=2.5
  - typing ; python_full_version < '3.5'
  requires_python: '>=2.6,!=3.0.*,!=3.1.*,!=3.2.*,!=3.3.*'
- pypi: https://files.pythonhosted.org/packages/76/c6/c88e154df9c4e1a2a66ccf0005a88dfb2650c1dffb6f5ce603dfbd452ce3/idna-3.10-py3-none-any.whl
  name: idna
  version: '3.10'
  sha256: 946d195a0d259cbba61165e88e65941f16e9b36ea6ddb97f00452bae8b1287d3
  requires_dist:
  - ruff>=0.6.2 ; extra == 'all'
  - mypy>=1.11.2 ; extra == 'all'
  - pytest>=8.3.2 ; extra == 'all'
  - flake8>=7.1.1 ; extra == 'all'
  requires_python: '>=3.6'
- conda: https://conda.anaconda.org/conda-forge/noarch/iniconfig-2.0.0-pyhd8ed1ab_1.conda
  sha256: 0ec8f4d02053cd03b0f3e63168316530949484f80e16f5e2fb199a1d117a89ca
  md5: 6837f3eff7dcea42ecd714ce1ac2b108
  depends:
  - python >=3.9
  license: MIT
  license_family: MIT
  purls:
  - pkg:pypi/iniconfig?source=hash-mapping
  size: 11474
  timestamp: 1733223232820
- pypi: https://files.pythonhosted.org/packages/7f/66/b15ce62552d84bbfcec9a4873ab79d993a1dd4edb922cbfccae192bd5b5f/jaraco.classes-3.4.0-py3-none-any.whl
  name: jaraco-classes
  version: 3.4.0
  sha256: f662826b6bed8cace05e7ff873ce0f9283b5c924470fe664fff1c2f00f581790
  requires_dist:
  - more-itertools
  - sphinx>=3.5 ; extra == 'docs'
  - jaraco-packaging>=9.3 ; extra == 'docs'
  - rst-linker>=1.9 ; extra == 'docs'
  - furo ; extra == 'docs'
  - sphinx-lint ; extra == 'docs'
  - jaraco-tidelift>=1.4 ; extra == 'docs'
  - pytest>=6 ; extra == 'testing'
  - pytest-checkdocs>=2.4 ; extra == 'testing'
  - pytest-cov ; extra == 'testing'
  - pytest-mypy ; extra == 'testing'
  - pytest-enabler>=2.2 ; extra == 'testing'
  - pytest-ruff>=0.2.1 ; extra == 'testing'
  requires_python: '>=3.8'
- pypi: https://files.pythonhosted.org/packages/ff/db/0c52c4cf5e4bd9f5d7135ec7669a3a767af21b3a308e1ed3674881e52b62/jaraco.context-6.0.1-py3-none-any.whl
  name: jaraco-context
  version: 6.0.1
  sha256: f797fc481b490edb305122c9181830a3a5b76d84ef6d1aef2fb9b47ab956f9e4
  requires_dist:
  - backports-tarfile ; python_full_version < '3.12'
  - sphinx>=3.5 ; extra == 'doc'
  - jaraco-packaging>=9.3 ; extra == 'doc'
  - rst-linker>=1.9 ; extra == 'doc'
  - furo ; extra == 'doc'
  - sphinx-lint ; extra == 'doc'
  - jaraco-tidelift>=1.4 ; extra == 'doc'
  - pytest>=6,!=8.1.* ; extra == 'test'
  - pytest-checkdocs>=2.4 ; extra == 'test'
  - pytest-cov ; extra == 'test'
  - pytest-mypy ; extra == 'test'
  - pytest-enabler>=2.2 ; extra == 'test'
  - portend ; extra == 'test'
  - pytest-ruff>=0.2.1 ; sys_platform != 'cygwin' and extra == 'test'
  requires_python: '>=3.8'
- pypi: https://files.pythonhosted.org/packages/b4/09/726f168acad366b11e420df31bf1c702a54d373a83f968d94141a8c3fde0/jaraco_functools-4.3.0-py3-none-any.whl
  name: jaraco-functools
  version: 4.3.0
  sha256: 227ff8ed6f7b8f62c56deff101545fa7543cf2c8e7b82a7c2116e672f29c26e8
  requires_dist:
  - more-itertools
  - pytest>=6,!=8.1.* ; extra == 'test'
  - jaraco-classes ; extra == 'test'
  - sphinx>=3.5 ; extra == 'doc'
  - jaraco-packaging>=9.3 ; extra == 'doc'
  - rst-linker>=1.9 ; extra == 'doc'
  - furo ; extra == 'doc'
  - sphinx-lint ; extra == 'doc'
  - jaraco-tidelift>=1.4 ; extra == 'doc'
  - pytest-checkdocs>=2.4 ; extra == 'check'
  - pytest-ruff>=0.2.1 ; sys_platform != 'cygwin' and extra == 'check'
  - pytest-cov ; extra == 'cover'
  - pytest-enabler>=2.2 ; extra == 'enabler'
  - pytest-mypy ; extra == 'type'
  requires_python: '>=3.9'
- pypi: https://files.pythonhosted.org/packages/b2/a3/e137168c9c44d18eff0376253da9f1e9234d0239e0ee230d2fee6cea8e55/jeepney-0.9.0-py3-none-any.whl
  name: jeepney
  version: 0.9.0
  sha256: 97e5714520c16fc0a45695e5365a2e11b81ea79bba796e26f9f1d178cb182683
  requires_dist:
  - pytest ; extra == 'test'
  - pytest-trio ; extra == 'test'
  - pytest-asyncio>=0.17 ; extra == 'test'
  - testpath ; extra == 'test'
  - trio ; extra == 'test'
  - async-timeout ; python_full_version < '3.11' and extra == 'test'
  - trio ; extra == 'trio'
  requires_python: '>=3.7'
- pypi: https://files.pythonhosted.org/packages/d3/32/da7f44bcb1105d3e88a0b74ebdca50c59121d2ddf71c9e34ba47df7f3a56/keyring-25.6.0-py3-none-any.whl
  name: keyring
  version: 25.6.0
  sha256: 552a3f7af126ece7ed5c89753650eec89c7eaae8617d0aa4d9ad2b75111266bd
  requires_dist:
  - pywin32-ctypes>=0.2.0 ; sys_platform == 'win32'
  - secretstorage>=3.2 ; sys_platform == 'linux'
  - jeepney>=0.4.2 ; sys_platform == 'linux'
  - importlib-metadata>=4.11.4 ; python_full_version < '3.12'
  - jaraco-classes
  - importlib-resources ; python_full_version < '3.9'
  - jaraco-functools
  - jaraco-context
  - pytest>=6,!=8.1.* ; extra == 'test'
  - pyfakefs ; extra == 'test'
  - sphinx>=3.5 ; extra == 'doc'
  - jaraco-packaging>=9.3 ; extra == 'doc'
  - rst-linker>=1.9 ; extra == 'doc'
  - furo ; extra == 'doc'
  - sphinx-lint ; extra == 'doc'
  - jaraco-tidelift>=1.4 ; extra == 'doc'
  - pytest-checkdocs>=2.4 ; extra == 'check'
  - pytest-ruff>=0.2.1 ; sys_platform != 'cygwin' and extra == 'check'
  - pytest-cov ; extra == 'cover'
  - pytest-enabler>=2.2 ; extra == 'enabler'
  - pytest-mypy ; extra == 'type'
  - pygobject-stubs ; extra == 'type'
  - shtab ; extra == 'type'
  - types-pywin32 ; extra == 'type'
  - shtab>=1.1.0 ; extra == 'completion'
  requires_python: '>=3.9'
- conda: https://conda.anaconda.org/conda-forge/linux-64/ld_impl_linux-64-2.44-ha97dd6f_2.conda
  sha256: 707dfb8d55d7a5c6f95c772d778ef07a7ca85417d9971796f7d3daad0b615de8
  md5: 14bae321b8127b63cba276bd53fac237
  depends:
  - __glibc >=2.17,<3.0.a0
  constrains:
  - binutils_impl_linux-64 2.44
  license: GPL-3.0-only
  license_family: GPL
  purls: []
  size: 747158
  timestamp: 1758810907507
- conda: https://conda.anaconda.org/conda-forge/linux-64/libexpat-2.7.1-hecca717_0.conda
  sha256: da2080da8f0288b95dd86765c801c6e166c4619b910b11f9a8446fb852438dc2
  md5: 4211416ecba1866fab0c6470986c22d6
  depends:
  - __glibc >=2.17,<3.0.a0
  - libgcc >=14
  constrains:
  - expat 2.7.1.*
  license: MIT
  license_family: MIT
  purls: []
  size: 74811
  timestamp: 1752719572741
- conda: https://conda.anaconda.org/conda-forge/linux-64/libffi-3.4.6-h2dba641_1.conda
  sha256: 764432d32db45466e87f10621db5b74363a9f847d2b8b1f9743746cd160f06ab
  md5: ede4673863426c0883c0063d853bbd85
  depends:
  - __glibc >=2.17,<3.0.a0
  - libgcc >=13
  license: MIT
  license_family: MIT
  purls: []
  size: 57433
  timestamp: 1743434498161
- conda: https://conda.anaconda.org/conda-forge/linux-64/libgcc-15.1.0-h767d61c_5.conda
  sha256: 0caed73aac3966bfbf5710e06c728a24c6c138605121a3dacb2e03440e8baa6a
  md5: 264fbfba7fb20acf3b29cde153e345ce
  depends:
  - __glibc >=2.17,<3.0.a0
  - _openmp_mutex >=4.5
  constrains:
  - libgomp 15.1.0 h767d61c_5
  - libgcc-ng ==15.1.0=*_5
  license: GPL-3.0-only WITH GCC-exception-3.1
  license_family: GPL
  purls: []
  size: 824191
  timestamp: 1757042543820
- conda: https://conda.anaconda.org/conda-forge/linux-64/libgomp-15.1.0-h767d61c_5.conda
  sha256: 125051d51a8c04694d0830f6343af78b556dd88cc249dfec5a97703ebfb1832d
  md5: dcd5ff1940cd38f6df777cac86819d60
  depends:
  - __glibc >=2.17,<3.0.a0
  license: GPL-3.0-only WITH GCC-exception-3.1
  license_family: GPL
  purls: []
  size: 447215
  timestamp: 1757042483384
- conda: https://conda.anaconda.org/conda-forge/linux-64/liblzma-5.8.1-hb9d3cd8_2.conda
  sha256: f2591c0069447bbe28d4d696b7fcb0c5bd0b4ac582769b89addbcf26fb3430d8
  md5: 1a580f7796c7bf6393fddb8bbbde58dc
  depends:
  - __glibc >=2.17,<3.0.a0
  - libgcc >=13
  constrains:
  - xz 5.8.1.*
  license: 0BSD
  purls: []
  size: 112894
  timestamp: 1749230047870
- conda: https://conda.anaconda.org/conda-forge/linux-64/libmpdec-4.0.0-hb9d3cd8_0.conda
  sha256: 3aa92d4074d4063f2a162cd8ecb45dccac93e543e565c01a787e16a43501f7ee
  md5: c7e925f37e3b40d893459e625f6a53f1
  depends:
  - __glibc >=2.17,<3.0.a0
  - libgcc >=13
  license: BSD-2-Clause
  license_family: BSD
  purls: []
  size: 91183
  timestamp: 1748393666725
- conda: https://conda.anaconda.org/conda-forge/linux-64/libsqlite-3.50.4-h0c1763c_0.conda
  sha256: 6d9c32fc369af5a84875725f7ddfbfc2ace795c28f246dc70055a79f9b2003da
  md5: 0b367fad34931cb79e0d6b7e5c06bb1c
  depends:
  - __glibc >=2.17,<3.0.a0
  - libgcc >=14
  - libzlib >=1.3.1,<2.0a0
  license: blessing
  purls: []
  size: 932581
  timestamp: 1753948484112
- conda: https://conda.anaconda.org/conda-forge/linux-64/libuuid-2.41.2-he9a06e4_0.conda
  sha256: e5ec6d2ad7eef538ddcb9ea62ad4346fde70a4736342c4ad87bd713641eb9808
  md5: 80c07c68d2f6870250959dcc95b209d1
  depends:
  - __glibc >=2.17,<3.0.a0
  - libgcc >=14
  license: BSD-3-Clause
  license_family: BSD
  purls: []
  size: 37135
  timestamp: 1758626800002
- conda: https://conda.anaconda.org/conda-forge/linux-64/libzlib-1.3.1-hb9d3cd8_2.conda
  sha256: d4bfe88d7cb447768e31650f06257995601f89076080e76df55e3112d4e47dc4
  md5: edb0dca6bc32e4f4789199455a1dbeb8
  depends:
  - __glibc >=2.17,<3.0.a0
  - libgcc >=13
  constrains:
  - zlib 1.3.1 *_2
  license: Zlib
  license_family: Other
  purls: []
  size: 60963
  timestamp: 1727963148474
- pypi: https://files.pythonhosted.org/packages/94/54/e7d793b573f298e1c9013b8c4dade17d481164aa517d1d7148619c2cedbf/markdown_it_py-4.0.0-py3-none-any.whl
  name: markdown-it-py
  version: 4.0.0
  sha256: 87327c59b172c5011896038353a81343b6754500a08cd7a4973bb48c6d578147
  requires_dist:
  - mdurl~=0.1
  - psutil ; extra == 'benchmarking'
  - pytest ; extra == 'benchmarking'
  - pytest-benchmark ; extra == 'benchmarking'
  - commonmark~=0.9 ; extra == 'compare'
  - markdown~=3.4 ; extra == 'compare'
  - mistletoe~=1.0 ; extra == 'compare'
  - mistune~=3.0 ; extra == 'compare'
  - panflute~=2.3 ; extra == 'compare'
  - markdown-it-pyrs ; extra == 'compare'
  - linkify-it-py>=1,<3 ; extra == 'linkify'
  - mdit-py-plugins>=0.5.0 ; extra == 'plugins'
  - gprof2dot ; extra == 'profiling'
  - mdit-py-plugins>=0.5.0 ; extra == 'rtd'
  - myst-parser ; extra == 'rtd'
  - pyyaml ; extra == 'rtd'
  - sphinx ; extra == 'rtd'
  - sphinx-copybutton ; extra == 'rtd'
  - sphinx-design ; extra == 'rtd'
  - sphinx-book-theme~=1.0 ; extra == 'rtd'
  - jupyter-sphinx ; extra == 'rtd'
  - ipykernel ; extra == 'rtd'
  - coverage ; extra == 'testing'
  - pytest ; extra == 'testing'
  - pytest-cov ; extra == 'testing'
  - pytest-regressions ; extra == 'testing'
  - requests ; extra == 'testing'
  requires_python: '>=3.10'
- pypi: https://files.pythonhosted.org/packages/b3/38/89ba8ad64ae25be8de66a6d463314cf1eb366222074cfda9ee839c56a4b4/mdurl-0.1.2-py3-none-any.whl
  name: mdurl
  version: 0.1.2
  sha256: 84008a41e51615a49fc9966191ff91509e3c40b939176e643fd50a5c2196b8f8
  requires_python: '>=3.7'
- pypi: https://files.pythonhosted.org/packages/a4/8e/469e5a4a2f5855992e425f3cb33804cc07bf18d48f2db061aec61ce50270/more_itertools-10.8.0-py3-none-any.whl
  name: more-itertools
  version: 10.8.0
  sha256: 52d4362373dcf7c52546bc4af9a86ee7c4579df9a8dc268be0a2f949d376cc9b
  requires_python: '>=3.9'
- conda: https://conda.anaconda.org/conda-forge/linux-64/ncurses-6.5-h2d0b736_3.conda
  sha256: 3fde293232fa3fca98635e1167de6b7c7fda83caf24b9d6c91ec9eefb4f4d586
  md5: 47e340acb35de30501a76c7c799c41d7
  depends:
  - __glibc >=2.17,<3.0.a0
  - libgcc >=13
  license: X11 AND BSD-3-Clause
  purls: []
  size: 891641
  timestamp: 1738195959188
- pypi: https://files.pythonhosted.org/packages/9a/a5/bf3db6e66c4b160d6ea10b534c381a1955dfab34cb1017ea93aa33c70ed3/numpy-2.3.3-cp313-cp313-manylinux_2_27_x86_64.manylinux_2_28_x86_64.whl
  name: numpy
  version: 2.3.3
  sha256: 5b83648633d46f77039c29078751f80da65aa64d5622a3cd62aaef9d835b6c93
  requires_python: '>=3.11'
- pypi: https://files.pythonhosted.org/packages/c0/da/977ded879c29cbd04de313843e76868e6e13408a94ed6b987245dc7c8506/openpyxl-3.1.5-py2.py3-none-any.whl
  name: openpyxl
  version: 3.1.5
  sha256: 5282c12b107bffeef825f4617dc029afaf41d0ea60823bbb665ef3079dc79de2
  requires_dist:
  - et-xmlfile
  requires_python: '>=3.8'
- conda: https://conda.anaconda.org/conda-forge/linux-64/openssl-3.5.4-h26f9b46_0.conda
  sha256: e807f3bad09bdf4075dbb4168619e14b0c0360bacb2e12ef18641a834c8c5549
  md5: 14edad12b59ccbfa3910d42c72adc2a0
  depends:
  - __glibc >=2.17,<3.0.a0
  - ca-certificates
  - libgcc >=14
  license: Apache-2.0
  license_family: Apache
  purls: []
  size: 3119624
  timestamp: 1759324353651
- conda: https://conda.anaconda.org/conda-forge/noarch/packaging-25.0-pyh29332c3_1.conda
  sha256: 289861ed0c13a15d7bbb408796af4de72c2fe67e2bcb0de98f4c3fce259d7991
  md5: 58335b26c38bf4a20f399384c33cbcf9
  depends:
  - python >=3.8
  - python
  license: Apache-2.0
  license_family: APACHE
  purls:
  - pkg:pypi/packaging?source=hash-mapping
  size: 62477
  timestamp: 1745345660407
- pypi: https://files.pythonhosted.org/packages/15/07/284f757f63f8a8d69ed4472bfd85122bd086e637bf4ed09de572d575a693/pandas-2.3.3-cp313-cp313-manylinux_2_24_x86_64.manylinux_2_28_x86_64.whl
  name: pandas
  version: 2.3.3
  sha256: 318d77e0e42a628c04dc56bcef4b40de67918f7041c2b061af1da41dcff670ac
  requires_dist:
  - numpy>=1.22.4 ; python_full_version < '3.11'
  - numpy>=1.23.2 ; python_full_version == '3.11.*'
  - numpy>=1.26.0 ; python_full_version >= '3.12'
  - python-dateutil>=2.8.2
  - pytz>=2020.1
  - tzdata>=2022.7
  - hypothesis>=6.46.1 ; extra == 'test'
  - pytest>=7.3.2 ; extra == 'test'
  - pytest-xdist>=2.2.0 ; extra == 'test'
  - pyarrow>=10.0.1 ; extra == 'pyarrow'
  - bottleneck>=1.3.6 ; extra == 'performance'
  - numba>=0.56.4 ; extra == 'performance'
  - numexpr>=2.8.4 ; extra == 'performance'
  - scipy>=1.10.0 ; extra == 'computation'
  - xarray>=2022.12.0 ; extra == 'computation'
  - fsspec>=2022.11.0 ; extra == 'fss'
  - s3fs>=2022.11.0 ; extra == 'aws'
  - gcsfs>=2022.11.0 ; extra == 'gcp'
  - pandas-gbq>=0.19.0 ; extra == 'gcp'
  - odfpy>=1.4.1 ; extra == 'excel'
  - openpyxl>=3.1.0 ; extra == 'excel'
  - python-calamine>=0.1.7 ; extra == 'excel'
  - pyxlsb>=1.0.10 ; extra == 'excel'
  - xlrd>=2.0.1 ; extra == 'excel'
  - xlsxwriter>=3.0.5 ; extra == 'excel'
  - pyarrow>=10.0.1 ; extra == 'parquet'
  - pyarrow>=10.0.1 ; extra == 'feather'
  - tables>=3.8.0 ; extra == 'hdf5'
  - pyreadstat>=1.2.0 ; extra == 'spss'
  - sqlalchemy>=2.0.0 ; extra == 'postgresql'
  - psycopg2>=2.9.6 ; extra == 'postgresql'
  - adbc-driver-postgresql>=0.8.0 ; extra == 'postgresql'
  - sqlalchemy>=2.0.0 ; extra == 'mysql'
  - pymysql>=1.0.2 ; extra == 'mysql'
  - sqlalchemy>=2.0.0 ; extra == 'sql-other'
  - adbc-driver-postgresql>=0.8.0 ; extra == 'sql-other'
  - adbc-driver-sqlite>=0.8.0 ; extra == 'sql-other'
  - beautifulsoup4>=4.11.2 ; extra == 'html'
  - html5lib>=1.1 ; extra == 'html'
  - lxml>=4.9.2 ; extra == 'html'
  - lxml>=4.9.2 ; extra == 'xml'
  - matplotlib>=3.6.3 ; extra == 'plot'
  - jinja2>=3.1.2 ; extra == 'output-formatting'
  - tabulate>=0.9.0 ; extra == 'output-formatting'
  - pyqt5>=5.15.9 ; extra == 'clipboard'
  - qtpy>=2.3.0 ; extra == 'clipboard'
  - zstandard>=0.19.0 ; extra == 'compression'
  - dataframe-api-compat>=0.1.7 ; extra == 'consortium-standard'
  - adbc-driver-postgresql>=0.8.0 ; extra == 'all'
  - adbc-driver-sqlite>=0.8.0 ; extra == 'all'
  - beautifulsoup4>=4.11.2 ; extra == 'all'
  - bottleneck>=1.3.6 ; extra == 'all'
  - dataframe-api-compat>=0.1.7 ; extra == 'all'
  - fastparquet>=2022.12.0 ; extra == 'all'
  - fsspec>=2022.11.0 ; extra == 'all'
  - gcsfs>=2022.11.0 ; extra == 'all'
  - html5lib>=1.1 ; extra == 'all'
  - hypothesis>=6.46.1 ; extra == 'all'
  - jinja2>=3.1.2 ; extra == 'all'
  - lxml>=4.9.2 ; extra == 'all'
  - matplotlib>=3.6.3 ; extra == 'all'
  - numba>=0.56.4 ; extra == 'all'
  - numexpr>=2.8.4 ; extra == 'all'
  - odfpy>=1.4.1 ; extra == 'all'
  - openpyxl>=3.1.0 ; extra == 'all'
  - pandas-gbq>=0.19.0 ; extra == 'all'
  - psycopg2>=2.9.6 ; extra == 'all'
  - pyarrow>=10.0.1 ; extra == 'all'
  - pymysql>=1.0.2 ; extra == 'all'
  - pyqt5>=5.15.9 ; extra == 'all'
  - pyreadstat>=1.2.0 ; extra == 'all'
  - pytest>=7.3.2 ; extra == 'all'
  - pytest-xdist>=2.2.0 ; extra == 'all'
  - python-calamine>=0.1.7 ; extra == 'all'
  - pyxlsb>=1.0.10 ; extra == 'all'
  - qtpy>=2.3.0 ; extra == 'all'
  - scipy>=1.10.0 ; extra == 'all'
  - s3fs>=2022.11.0 ; extra == 'all'
  - sqlalchemy>=2.0.0 ; extra == 'all'
  - tables>=3.8.0 ; extra == 'all'
  - tabulate>=0.9.0 ; extra == 'all'
  - xarray>=2022.12.0 ; extra == 'all'
  - xlrd>=2.0.1 ; extra == 'all'
  - xlsxwriter>=3.0.5 ; extra == 'all'
  - zstandard>=0.19.0 ; extra == 'all'
  requires_python: '>=3.9'
- pypi: https://files.pythonhosted.org/packages/cc/20/ff623b09d963f88bfde16306a54e12ee5ea43e9b597108672ff3a408aad6/pathspec-0.12.1-py3-none-any.whl
  name: pathspec
  version: 0.12.1
  sha256: a0d503e138a4c123b27490a4f7beda6a01c6f288df0e4a8b79c7eb0dc7b4cc08
  requires_python: '>=3.8'
- pypi: https://files.pythonhosted.org/packages/9e/c3/059298687310d527a58bb01f3b1965787ee3b40dce76752eda8b44e9a2c5/pexpect-4.9.0-py2.py3-none-any.whl
  name: pexpect
  version: 4.9.0
  sha256: 7236d1e080e4936be2dc3e326cec0af72acf9212a7e1d060210e70a47e253523
  requires_dist:
  - ptyprocess>=0.5
- pypi: https://files.pythonhosted.org/packages/40/4b/2028861e724d3bd36227adfa20d3fd24c3fc6d52032f4a93c133be5d17ce/platformdirs-4.4.0-py3-none-any.whl
  name: platformdirs
  version: 4.4.0
  sha256: abd01743f24e5287cd7a5db3752faf1a2d65353f38ec26d98e25a6db65958c85
  requires_dist:
  - furo>=2024.8.6 ; extra == 'docs'
  - proselint>=0.14 ; extra == 'docs'
  - sphinx-autodoc-typehints>=3 ; extra == 'docs'
  - sphinx>=8.1.3 ; extra == 'docs'
  - appdirs==1.4.4 ; extra == 'test'
  - covdefaults>=2.3 ; extra == 'test'
  - pytest-cov>=6 ; extra == 'test'
  - pytest-mock>=3.14 ; extra == 'test'
  - pytest>=8.3.4 ; extra == 'test'
  - mypy>=1.14.1 ; extra == 'type'
  requires_python: '>=3.9'
- conda: https://conda.anaconda.org/conda-forge/noarch/pluggy-1.6.0-pyhd8ed1ab_0.conda
  sha256: a8eb555eef5063bbb7ba06a379fa7ea714f57d9741fe0efdb9442dbbc2cccbcc
  md5: 7da7ccd349dbf6487a7778579d2bb971
  depends:
  - python >=3.9
  license: MIT
  license_family: MIT
  purls:
  - pkg:pypi/pluggy?source=hash-mapping
  size: 24246
  timestamp: 1747339794916
- pypi: https://files.pythonhosted.org/packages/22/a6/858897256d0deac81a172289110f31629fc4cee19b6f01283303e18c8db3/ptyprocess-0.7.0-py2.py3-none-any.whl
  name: ptyprocess
  version: 0.7.0
  sha256: 4b41f3967fce3af57cc7e94b888626c18bf37a083e3651ca8feeb66d492fef35
- pypi: https://files.pythonhosted.org/packages/a0/e3/59cd50310fc9b59512193629e1984c1f95e5c8ae6e5d8c69532ccc65a7fe/pycparser-2.23-py3-none-any.whl
  name: pycparser
  version: '2.23'
  sha256: e5c6e8d3fbad53479cab09ac03729e0a9faf2bee3db8208a550daf5af81a5934
  requires_python: '>=3.8'
- conda: https://conda.anaconda.org/conda-forge/noarch/pygments-2.19.2-pyhd8ed1ab_0.conda
  sha256: 5577623b9f6685ece2697c6eb7511b4c9ac5fb607c9babc2646c811b428fd46a
  md5: 6b6ece66ebcae2d5f326c77ef2c5a066
  depends:
  - python >=3.9
  license: BSD-2-Clause
  license_family: BSD
  purls:
  - pkg:pypi/pygments?source=hash-mapping
  size: 889287
  timestamp: 1750615908735
- conda: https://conda.anaconda.org/conda-forge/noarch/pytest-8.4.2-pyhd8ed1ab_0.conda
  sha256: 41053d9893e379a3133bb9b557b98a3d2142fca474fb6b964ba5d97515f78e2d
  md5: 1f987505580cb972cf28dc5f74a0f81b
  depends:
  - colorama >=0.4
  - exceptiongroup >=1
  - iniconfig >=1
  - packaging >=20
  - pluggy >=1.5,<2
  - pygments >=2.7.2
  - python >=3.10
  - tomli >=1
  constrains:
  - pytest-faulthandler >=2
  license: MIT
  license_family: MIT
  purls:
  - pkg:pypi/pytest?source=compressed-mapping
  size: 276734
  timestamp: 1757011891753
- conda: https://conda.anaconda.org/conda-forge/linux-64/python-3.13.7-h2b335a9_100_cp313.conda
  build_number: 100
  sha256: 16cc30a5854f31ca6c3688337d34e37a79cdc518a06375fe3482ea8e2d6b34c8
  md5: 724dcf9960e933838247971da07fe5cf
  depends:
  - __glibc >=2.17,<3.0.a0
  - bzip2 >=1.0.8,<2.0a0
  - ld_impl_linux-64 >=2.36.1
  - libexpat >=2.7.1,<3.0a0
  - libffi >=3.4.6,<3.5.0a0
  - libgcc >=14
  - liblzma >=5.8.1,<6.0a0
  - libmpdec >=4.0.0,<5.0a0
  - libsqlite >=3.50.4,<4.0a0
  - libuuid >=2.38.1,<3.0a0
  - libzlib >=1.3.1,<2.0a0
  - ncurses >=6.5,<7.0a0
  - openssl >=3.5.2,<4.0a0
  - python_abi 3.13.* *_cp313
  - readline >=8.2,<9.0a0
  - tk >=8.6.13,<8.7.0a0
  - tzdata
  license: Python-2.0
  purls: []
  size: 33583088
  timestamp: 1756911465277
  python_site_packages_path: lib/python3.13/site-packages
- pypi: https://files.pythonhosted.org/packages/ec/57/56b9bcc3c9c6a792fcbaf139543cee77261f3651ca9da0c93f5c1221264b/python_dateutil-2.9.0.post0-py2.py3-none-any.whl
  name: python-dateutil
  version: 2.9.0.post0
  sha256: a8b2bc7bffae282281c8140a97d3aa9c14da0b136dfe83f850eea9a5f7470427
  requires_dist:
  - six>=1.5
  requires_python: '>=2.7,!=3.0.*,!=3.1.*,!=3.2.*'
- conda: https://conda.anaconda.org/conda-forge/noarch/python_abi-3.13-8_cp313.conda
  build_number: 8
  sha256: 210bffe7b121e651419cb196a2a63687b087497595c9be9d20ebe97dd06060a7
  md5: 94305520c52a4aa3f6c2b1ff6008d9f8
  constrains:
  - python 3.13.* *_cp313
  license: BSD-3-Clause
  license_family: BSD
  purls: []
  size: 7002
  timestamp: 1752805902938
- pypi: https://files.pythonhosted.org/packages/81/c4/34e93fe5f5429d7570ec1fa436f1986fb1f00c3e0f43a589fe2bbcd22c3f/pytz-2025.2-py2.py3-none-any.whl
  name: pytz
  version: '2025.2'
  sha256: 5ddf76296dd8c44c26eb8f4b6f35488f3ccbf6fbbd7adee0b7262d43f0ec2f00
- pypi: ./
  name: pyuniclass
  version: 0.1.5.dev0+g6fe85e363.d20251002
  sha256: d29919ae2fe9c962e045634fc19c0deb208cccea48ed926b2d177edcc7d75bf7
  requires_dist:
  - hatch
  - openpyxl
  - pandas
  requires_python: '>=3.7'
  editable: true
- conda: https://conda.anaconda.org/conda-forge/linux-64/readline-8.2-h8c095d6_2.conda
  sha256: 2d6d0c026902561ed77cd646b5021aef2d4db22e57a5b0178dfc669231e06d2c
  md5: 283b96675859b20a825f8fa30f311446
  depends:
  - libgcc >=13
  - ncurses >=6.5,<7.0a0
  license: GPL-3.0-only
  license_family: GPL
  purls: []
  size: 282480
  timestamp: 1740379431762
- pypi: https://files.pythonhosted.org/packages/e3/30/3c4d035596d3cf444529e0b2953ad0466f6049528a879d27534700580395/rich-14.1.0-py3-none-any.whl
  name: rich
  version: 14.1.0
  sha256: 536f5f1785986d6dbdea3c75205c473f970777b4a0d6c6dd1b696aa05a3fa04f
  requires_dist:
  - ipywidgets>=7.5.1,<9 ; extra == 'jupyter'
  - markdown-it-py>=2.2.0
  - pygments>=2.13.0,<3.0.0
  requires_python: '>=3.8.0'
- pypi: https://files.pythonhosted.org/packages/91/ff/2e2eed29e02c14a5cb6c57f09b2d5b40e65d6cc71f45b52e0be295ccbc2f/secretstorage-3.4.0-py3-none-any.whl
  name: secretstorage
  version: 3.4.0
  sha256: 0e3b6265c2c63509fb7415717607e4b2c9ab767b7f344a57473b779ca13bd02e
  requires_dist:
  - cryptography>=2.0
  - jeepney>=0.6
  requires_python: '>=3.10'
- pypi: https://files.pythonhosted.org/packages/e0/f9/0595336914c5619e5f28a1fb793285925a8cd4b432c9da0a987836c7f822/shellingham-1.5.4-py2.py3-none-any.whl
  name: shellingham
  version: 1.5.4
  sha256: 7ecfff8f2fd72616f7481040475a65b2bf8af90a56c89140852d1120324e8686
  requires_python: '>=3.7'
- pypi: https://files.pythonhosted.org/packages/b7/ce/149a00dd41f10bc29e5921b496af8b574d8413afcd5e30dfa0ed46c2cc5e/six-1.17.0-py2.py3-none-any.whl
  name: six
  version: 1.17.0
  sha256: 4721f391ed90541fddacab5acf947aa0d3dc7d27b2e1e8eda2be8970586c3274
  requires_python: '>=2.7,!=3.0.*,!=3.1.*,!=3.2.*'
- pypi: https://files.pythonhosted.org/packages/e9/44/75a9c9421471a6c4805dbf2356f7c181a29c1879239abab1ea2cc8f38b40/sniffio-1.3.1-py3-none-any.whl
  name: sniffio
  version: 1.3.1
  sha256: 2f6da418d1f1e0fddd844478f41680e794e6051915791a034ff65e5f100525a2
  requires_python: '>=3.7'
- conda: https://conda.anaconda.org/conda-forge/linux-64/tk-8.6.13-noxft_hd72426e_102.conda
  sha256: a84ff687119e6d8752346d1d408d5cf360dee0badd487a472aa8ddedfdc219e1
  md5: a0116df4f4ed05c303811a837d5b39d8
  depends:
  - __glibc >=2.17,<3.0.a0
  - libgcc >=13
  - libzlib >=1.3.1,<2.0a0
  license: TCL
  license_family: BSD
  purls: []
  size: 3285204
  timestamp: 1748387766691
- conda: https://conda.anaconda.org/conda-forge/noarch/tomli-2.2.1-pyhe01879c_2.conda
  sha256: 040a5a05c487647c089ad5e05ad5aff5942830db2a4e656f1e300d73436436f1
  md5: 30a0a26c8abccf4b7991d590fe17c699
  depends:
  - python >=3.9
  - python
  license: MIT
  license_family: MIT
  purls:
  - pkg:pypi/tomli?source=compressed-mapping
  size: 21238
  timestamp: 1753796677376
- pypi: https://files.pythonhosted.org/packages/c7/18/c86eb8e0202e32dd3df50d43d7ff9854f8e0603945ff398974c1d91ac1ef/tomli_w-1.2.0-py3-none-any.whl
  name: tomli-w
  version: 1.2.0
  sha256: 188306098d013b691fcadc011abd66727d3c414c571bb01b1a174ba8c983cf90
  requires_python: '>=3.9'
- pypi: https://files.pythonhosted.org/packages/bd/75/8539d011f6be8e29f339c42e633aae3cb73bffa95dd0f9adec09b9c58e85/tomlkit-0.13.3-py3-none-any.whl
  name: tomlkit
  version: 0.13.3
  sha256: c89c649d79ee40629a9fda55f8ace8c6a1b42deb912b2a8fd8d942ddadb606b0
  requires_python: '>=3.8'
- pypi: https://files.pythonhosted.org/packages/e1/85/a4ff8758c66f1fc32aa5e9a145908394bf9cf1c79ffd1113cfdeb77e74e4/trove_classifiers-2025.9.11.17-py3-none-any.whl
  name: trove-classifiers
  version: 2025.9.11.17
  sha256: 5d392f2d244deb1866556457d6f3516792124a23d1c3a463a2e8668a5d1c15dd
- conda: https://conda.anaconda.org/conda-forge/noarch/typing_extensions-4.15.0-pyhcf101f3_0.conda
  sha256: 032271135bca55aeb156cee361c81350c6f3fb203f57d024d7e5a1fc9ef18731
  md5: 0caa1af407ecff61170c9437a808404d
  depends:
  - python >=3.10
  - python
  license: PSF-2.0
  license_family: PSF
  purls:
  - pkg:pypi/typing-extensions?source=hash-mapping
  size: 51692
  timestamp: 1756220668932
- pypi: https://files.pythonhosted.org/packages/5c/23/c7abc0ca0a1526a0774eca151daeb8de62ec457e77262b66b359c3c7679e/tzdata-2025.2-py2.py3-none-any.whl
  name: tzdata
  version: '2025.2'
  sha256: 1a403fada01ff9221ca8044d701868fa132215d84beb92242d9acd2147f667a8
  requires_python: '>=2'
- conda: https://conda.anaconda.org/conda-forge/noarch/tzdata-2025b-h78e105d_0.conda
  sha256: 5aaa366385d716557e365f0a4e9c3fca43ba196872abbbe3d56bb610d131e192
  md5: 4222072737ccff51314b5ece9c7d6f5a
  license: LicenseRef-Public-Domain
  purls: []
  size: 122968
  timestamp: 1742727099393
- pypi: https://files.pythonhosted.org/packages/43/99/3ec6335ded5b88c2f7ed25c56ffd952546f7ed007ffb1e1539dc3b57015a/userpath-1.9.2-py3-none-any.whl
  name: userpath
  version: 1.9.2
  sha256: 2cbf01a23d655a1ff8fc166dfb78da1b641d1ceabf0fe5f970767d380b14e89d
  requires_dist:
  - click
  requires_python: '>=3.7'
- pypi: https://files.pythonhosted.org/packages/3a/a9/a83cee9b8cf63e57ce64ba27c77777cc66410e144fd178368f55af1fa18d/uv-0.8.22-py3-none-manylinux_2_17_x86_64.manylinux2014_x86_64.whl
  name: uv
  version: 0.8.22
  sha256: 8efec4ef5acddc35f0867998c44e0b15fc4dace1e4c26d01443871a2fbb04bf6
  requires_python: '>=3.8'
- pypi: https://files.pythonhosted.org/packages/76/06/04c8e804f813cf972e3262f3f8584c232de64f0cde9f703b46cf53a45090/virtualenv-20.34.0-py3-none-any.whl
  name: virtualenv
  version: 20.34.0
  sha256: 341f5afa7eee943e4984a9207c025feedd768baff6753cd660c857ceb3e36026
  requires_dist:
  - distlib>=0.3.7,<1
  - filelock>=3.12.2,<4
  - importlib-metadata>=6.6 ; python_full_version < '3.8'
  - platformdirs>=3.9.1,<5
  - typing-extensions>=4.13.2 ; python_full_version < '3.11'
  - furo>=2023.7.26 ; extra == 'docs'
  - proselint>=0.13 ; extra == 'docs'
  - sphinx>=7.1.2,!=7.3 ; extra == 'docs'
  - sphinx-argparse>=0.4 ; extra == 'docs'
  - sphinxcontrib-towncrier>=0.2.1a0 ; extra == 'docs'
  - towncrier>=23.6 ; extra == 'docs'
  - covdefaults>=2.3 ; extra == 'test'
  - coverage-enable-subprocess>=1 ; extra == 'test'
  - coverage>=7.2.7 ; extra == 'test'
  - flaky>=3.7 ; extra == 'test'
  - packaging>=23.1 ; extra == 'test'
  - pytest-env>=0.8.2 ; extra == 'test'
  - pytest-freezer>=0.4.8 ; (python_full_version >= '3.13' and platform_python_implementation == 'CPython' and sys_platform == 'win32' and extra == 'test') or (platform_python_implementation == 'GraalVM' and extra == 'test') or (platform_python_implementation == 'PyPy' and extra == 'test')
  - pytest-mock>=3.11.1 ; extra == 'test'
  - pytest-randomly>=3.12 ; extra == 'test'
  - pytest-timeout>=2.1 ; extra == 'test'
  - pytest>=7.4 ; extra == 'test'
  - setuptools>=68 ; extra == 'test'
  - time-machine>=2.10 ; platform_python_implementation == 'CPython' and extra == 'test'
  requires_python: '>=3.8'
- pypi: https://files.pythonhosted.org/packages/63/4b/e3678b4e776db00f9f7b2fe58e547e8928ef32727d7a1ff01dea010f3f13/zstandard-0.25.0-cp313-cp313-manylinux2014_x86_64.manylinux_2_17_x86_64.whl
  name: zstandard
  version: 0.25.0
  sha256: 8e735494da3db08694d26480f1493ad2cf86e99bdd53e8e9771b2752a5c0246a
  requires_dist:
  - cffi~=1.17 ; python_full_version < '3.14' and platform_python_implementation != 'PyPy' and extra == 'cffi'
  - cffi>=2.0.0b0 ; python_full_version >= '3.14' and platform_python_implementation != 'PyPy' and extra == 'cffi'
  requires_python: '>=3.9'
